schema: '2.0'
stages:
  train:
    cmd: python src/train.py
    deps:
    - path: data/titanic.csv
      hash: md5
      md5: e21b73f34506b5860eaed8240ff96d0c
      size: 33580
    - path: params.yaml
      hash: md5
      md5: 4da44056d843b7e00481c7d2144bf55c
      size: 320
    - path: src/train.py
      hash: md5
      md5: c7cd99b268da0edd68de573e0a59232d
      size: 1122
    outs:
    - path: models/
      hash: md5
      md5: 78aa11006dcf6c346cda1c1c468077b7.dir
      size: 4284729
      nfiles: 1
  evaluate:
    cmd: python src/evaluate.py
    deps:
    - path: models/
      hash: md5
      md5: 78aa11006dcf6c346cda1c1c468077b7.dir
      size: 4284729
      nfiles: 1
    - path: params.yaml
      hash: md5
      md5: 4da44056d843b7e00481c7d2144bf55c
      size: 320
    - path: src/evaluate.py
      hash: md5
      md5: e6da068d871cd6fd3e5e9a21d80e6d51
      size: 990
    outs:
    - path: metrics
      hash: md5
      md5: 26552323b134c5eeb5e7226c940787a9.dir
      size: 37
      nfiles: 1
