schema: '2.0'
stages:
  train:
    cmd: python src/train.py
    deps:
    - path: data/titanic.csv
      hash: md5
      md5: 8bc3cb70c5e436849cbd56ee12d5ca1c
      size: 34466
    - path: params.yaml
      hash: md5
      md5: 0573b806949b5eb6711d398c38b3724f
      size: 318
    - path: src/train.py
      hash: md5
      md5: 5a9cebe7d44b019cdd138db24fa1703d
      size: 1120
    outs:
    - path: models/
      hash: md5
      md5: 3078cf6a1413df2a19a2549507b50086.dir
      size: 644089
      nfiles: 1
  evaluate:
    cmd: python src/evaluate.py
    deps:
    - path: models/
      hash: md5
      md5: 3078cf6a1413df2a19a2549507b50086.dir
      size: 644089
      nfiles: 1
    - path: params.yaml
      hash: md5
      md5: 0573b806949b5eb6711d398c38b3724f
      size: 318
    - path: src/evaluate.py
      hash: md5
      md5: 173b7b82d51d2dbdf8241b7fbe71e1ee
      size: 1017
    outs:
    - path: metrics/
      hash: md5
      md5: 59d86f8179ff627a3ccbdec806cec9b3.dir
      size: 38
      nfiles: 1
