schema: '2.0'
stages:
  train:
    cmd: python src/train.py
    deps:
    - path: data/titanic.csv
      hash: md5
      md5: 8bc3cb70c5e436849cbd56ee12d5ca1c
      size: 34466
    - path: params.yaml
      hash: md5
      md5: 30b3bed8a4ae45157b8f3463c8bc7f77
      size: 319
    - path: src/train.py
      hash: md5
      md5: c7cd99b268da0edd68de573e0a59232d
      size: 1122
    outs:
    - path: models/
      hash: md5
      md5: 663786e61832fa47105c2a68c686798b.dir
      size: 3865529
      nfiles: 1
  evaluate:
    cmd: python src/evaluate.py
    deps:
    - path: models/
      hash: md5
      md5: 663786e61832fa47105c2a68c686798b.dir
      size: 3865529
      nfiles: 1
    - path: params.yaml
      hash: md5
      md5: 30b3bed8a4ae45157b8f3463c8bc7f77
      size: 319
    - path: src/evaluate.py
      hash: md5
      md5: e6da068d871cd6fd3e5e9a21d80e6d51
      size: 990
    outs:
    - path: metrics
      hash: md5
      md5: 7f12893a6385b6f479fe43a14199097e.dir
      size: 38
      nfiles: 1
